
Microsoft Visual Studio Solution File, Format Version 12.00
# Visual Studio Version 17
VisualStudioVersion = 17.8.34330.188
MinimumVisualStudioVersion = 10.0.40219.1
Project("{FAE04EC0-301F-11D3-BF4B-00C04F79EFBC}") = "QTask", "QTask\QTask.csproj", "{97E0C21B-CCD9-408C-A49F-14352D032600}"
EndProject
Project("{FAE04EC0-301F-11D3-BF4B-00C04F79EFBC}") = "QTaskDataLayer", "QTaskDataLayer\QTaskDataLayer.csproj", "{1AFC4BA2-1643-4F34-AB80-CC23B9544DA1}"
EndProject
Global
	GlobalSection(SolutionConfigurationPlatforms) = preSolution
		Debug|Any CPU = Debug|Any CPU
		Release|Any CPU = Release|Any CPU
	EndGlobalSection
	GlobalSection(ProjectConfigurationPlatforms) = postSolution
		{97E0C21B-CCD9-408C-A49F-14352D032600}.Debug|Any CPU.ActiveCfg = Debug|Any CPU
		{97E0C21B-CCD9-408C-A49F-14352D032600}.Debug|Any CPU.Build.0 = Debug|Any CPU
		{97E0C21B-CCD9-408C-A49F-14352D032600}.Release|Any CPU.ActiveCfg = Release|Any CPU
		{97E0C21B-CCD9-408C-A49F-14352D032600}.Release|Any CPU.Build.0 = Release|Any CPU
		{1AFC4BA2-1643-4F34-AB80-CC23B9544DA1}.Debug|Any CPU.ActiveCfg = Debug|Any CPU
		{1AFC4BA2-1643-4F34-AB80-CC23B9544DA1}.Debug|Any CPU.Build.0 = Debug|Any CPU
		{1AFC4BA2-1643-4F34-AB80-CC23B9544DA1}.Release|Any CPU.ActiveCfg = Release|Any CPU
		{1AFC4BA2-1643-4F34-AB80-CC23B9544DA1}.Release|Any CPU.Build.0 = Release|Any CPU
	EndGlobalSection
	GlobalSection(SolutionProperties) = preSolution
		HideSolutionNode = FALSE
	EndGlobalSection
	GlobalSection(ExtensibilityGlobals) = postSolution
		SolutionGuid = {61A8C675-BB2D-46DF-A766-5F532E5DD196}
	EndGlobalSection
EndGlobal
